{
  "name": "test-npm-package-83742",
  "version": "0.0.0",
  "lockfileVersion": 3,
  "requires": true,
  "packages": {
    "": {
      "name": "test-npm-package-83742",
      "version": "0.0.0",
      "license": "MIT",
      "bin": {
        "test-npm-package-83742": "index.js"
      }
    }
  }
}
